// !$*UTF8*$!
{
	archiveVersion = 1;
	classes = {
	};
	objectVersion = 51;
	objects = {

/* Begin PBXBuildFile section */
		5FE75D55146441835B7DB7D7 /* Pods_Realm_Issue.framework in Frameworks */ = {isa = PBXBuildFile; fileRef = F019D39E2A2E7626E5535C66 /* Pods_Realm_Issue.framework */; };
		DC6F0DDD24C6D32E0075DE55 /* AppDelegate.swift in Sources */ = {isa = PBXBuildFile; fileRef = DC6F0DDC24C6D32E0075DE55 /* AppDelegate.swift */; };
		DC6F0DDF24C6D32E0075DE55 /* ViewController.swift in Sources */ = {isa = PBXBuildFile; fileRef = DC6F0DDE24C6D32E0075DE55 /* ViewController.swift */; };
		DC6F0DE124C6D3300075DE55 /* Assets.xcassets in Resources */ = {isa = PBXBuildFile; fileRef = DC6F0DE024C6D3300075DE55 /* Assets.xcassets */; };
		DC6F0DE424C6D3300075DE55 /* Main.storyboard in Resources */ = {isa = PBXBuildFile; fileRef = DC6F0DE224C6D3300075DE55 /* Main.storyboard */; };
		DC6F0DED24C6D5CE0075DE55 /* Models.swift in Sources */ = {isa = PBXBuildFile; fileRef = DC6F0DEC24C6D5CE0075DE55 /* Models.swift */; };
/* End PBXBuildFile section */

/* Begin PBXFileReference section */
		28D816D9E172E7E6759B56B1 /* Pods-Realm Issue.debug.xcconfig */ = {isa = PBXFileReference; includeInIndex = 1; lastKnownFileType = text.xcconfig; name = "Pods-Realm Issue.debug.xcconfig"; path = "Target Support Files/Pods-Realm Issue/Pods-Realm Issue.debug.xcconfig"; sourceTree = "<group>"; };
		DC6F0DD924C6D32E0075DE55 /* Realm Issue.app */ = {isa = PBXFileReference; explicitFileType = wrapper.application; includeInIndex = 0; path = "Realm Issue.app"; sourceTree = BUILT_PRODUCTS_DIR; };
		DC6F0DDC24C6D32E0075DE55 /* AppDelegate.swift */ = {isa = PBXFileReference; lastKnownFileType = sourcecode.swift; path = AppDelegate.swift; sourceTree = "<group>"; };
		DC6F0DDE24C6D32E0075DE55 /* ViewController.swift */ = {isa = PBXFileReference; lastKnownFileType = sourcecode.swift; path = ViewController.swift; sourceTree = "<group>"; };
		DC6F0DE024C6D3300075DE55 /* Assets.xcassets */ = {isa = PBXFileReference; lastKnownFileType = folder.assetcatalog; path = Assets.xcassets; sourceTree = "<group>"; };
		DC6F0DE324C6D3300075DE55 /* Base */ = {isa = PBXFileReference; lastKnownFileType = file.storyboard; name = Base; path = Base.lproj/Main.storyboard; sourceTree = "<group>"; };
		DC6F0DE524C6D3300075DE55 /* Info.plist */ = {isa = PBXFileReference; lastKnownFileType = text.plist.xml; path = Info.plist; sourceTree = "<group>"; };
		DC6F0DE624C6D3300075DE55 /* Realm_Issue.entitlements */ = {isa = PBXFileReference; lastKnownFileType = text.plist.entitlements; path = Realm_Issue.entitlements; sourceTree = "<group>"; };
		DC6F0DEC24C6D5CE0075DE55 /* Models.swift */ = {isa = PBXFileReference; lastKnownFileType = sourcecode.swift; path = Models.swift; sourceTree = "<group>"; };
		F019D39E2A2E7626E5535C66 /* Pods_Realm_Issue.framework */ = {isa = PBXFileReference; explicitFileType = wrapper.framework; includeInIndex = 0; path = Pods_Realm_Issue.framework; sourceTree = BUILT_PRODUCTS_DIR; };
		F2D9EE3AC5ED4E524D3A88DF /* Pods-Realm Issue.release.xcconfig */ = {isa = PBXFileReference; includeInIndex = 1; lastKnownFileType = text.xcconfig; name = "Pods-Realm Issue.release.xcconfig"; path = "Target Support Files/Pods-Realm Issue/Pods-Realm Issue.release.xcconfig"; sourceTree = "<group>"; };
/* End PBXFileReference section */

/* Begin PBXFrameworksBuildPhase section */
		DC6F0DD624C6D32E0075DE55 /* Frameworks */ = {
			isa = PBXFrameworksBuildPhase;
			buildActionMask = 2147483647;
			files = (
				5FE75D55146441835B7DB7D7 /* Pods_Realm_Issue.framework in Frameworks */,
			);
			runOnlyForDeploymentPostprocessing = 0;
		};
/* End PBXFrameworksBuildPhase section */

/* Begin PBXGroup section */
		B1B79EB0A52E8D783B6E3254 /* Pods */ = {
			isa = PBXGroup;
			children = (
				28D816D9E172E7E6759B56B1 /* Pods-Realm Issue.debug.xcconfig */,
				F2D9EE3AC5ED4E524D3A88DF /* Pods-Realm Issue.release.xcconfig */,
			);
			path = Pods;
			sourceTree = "<group>";
		};
		BA1E68F2E106D63538E5344D /* Frameworks */ = {
			isa = PBXGroup;
			children = (
				F019D39E2A2E7626E5535C66 /* Pods_Realm_Issue.framework */,
			);
			name = Frameworks;
			sourceTree = "<group>";
		};
		DC6F0DD024C6D32E0075DE55 = {
			isa = PBXGroup;
			children = (
				DC6F0DDB24C6D32E0075DE55 /* Realm Issue */,
				DC6F0DDA24C6D32E0075DE55 /* Products */,
				B1B79EB0A52E8D783B6E3254 /* Pods */,
				BA1E68F2E106D63538E5344D /* Frameworks */,
			);
			sourceTree = "<group>";
		};
		DC6F0DDA24C6D32E0075DE55 /* Products */ = {
			isa = PBXGroup;
			children = (
				DC6F0DD924C6D32E0075DE55 /* Realm Issue.app */,
			);
			name = Products;
			sourceTree = "<group>";
		};
		DC6F0DDB24C6D32E0075DE55 /* Realm Issue */ = {
			isa = PBXGroup;
			children = (
				DC6F0DDC24C6D32E0075DE55 /* AppDelegate.swift */,
				DC6F0DDE24C6D32E0075DE55 /* ViewController.swift */,
				DC6F0DEC24C6D5CE0075DE55 /* Models.swift */,
				DC6F0DE024C6D3300075DE55 /* Assets.xcassets */,
				DC6F0DE224C6D3300075DE55 /* Main.storyboard */,
				DC6F0DE524C6D3300075DE55 /* Info.plist */,
				DC6F0DE624C6D3300075DE55 /* Realm_Issue.entitlements */,
			);
			path = "Realm Issue";
			sourceTree = "<group>";
		};
/* End PBXGroup section */

/* Begin PBXNativeTarget section */
		DC6F0DD824C6D32E0075DE55 /* Realm Issue */ = {
			isa = PBXNativeTarget;
			buildConfigurationList = DC6F0DE924C6D3300075DE55 /* Build configuration list for PBXNativeTarget "Realm Issue" */;
			buildPhases = (
				6CB8CC5A77B11DA8455BCCDB /* [CP] Check Pods Manifest.lock */,
				DC6F0DD524C6D32E0075DE55 /* Sources */,
				DC6F0DD624C6D32E0075DE55 /* Frameworks */,
				DC6F0DD724C6D32E0075DE55 /* Resources */,
				23FF0C0FAD1EAFD0030F6795 /* [CP] Embed Pods Frameworks */,
			);
			buildRules = (
			);
			dependencies = (
			);
			name = "Realm Issue";
			productName = "Realm Issue";
			productReference = DC6F0DD924C6D32E0075DE55 /* Realm Issue.app */;
			productType = "com.apple.product-type.application";
		};
/* End PBXNativeTarget section */

/* Begin PBXProject section */
		DC6F0DD124C6D32E0075DE55 /* Project object */ = {
			isa = PBXProject;
			attributes = {
				LastSwiftUpdateCheck = 1160;
				LastUpgradeCheck = 1160;
				ORGANIZATIONNAME = zhaoxin;
				TargetAttributes = {
					DC6F0DD824C6D32E0075DE55 = {
						CreatedOnToolsVersion = 11.6;
					};
				};
			};
			buildConfigurationList = DC6F0DD424C6D32E0075DE55 /* Build configuration list for PBXProject "Realm Issue" */;
			compatibilityVersion = "Xcode 9.3";
			developmentRegion = en;
			hasScannedForEncodings = 0;
			knownRegions = (
				en,
				Base,
			);
			mainGroup = DC6F0DD024C6D32E0075DE55;
			productRefGroup = DC6F0DDA24C6D32E0075DE55 /* Products */;
			projectDirPath = "";
			projectRoot = "";
			targets = (
				DC6F0DD824C6D32E0075DE55 /* Realm Issue */,
			);
		};
/* End PBXProject section */

/* Begin PBXResourcesBuildPhase section */
		DC6F0DD724C6D32E0075DE55 /* Resources */ = {
			isa = PBXResourcesBuildPhase;
			buildActionMask = 2147483647;
			files = (
				DC6F0DE124C6D3300075DE55 /* Assets.xcassets in Resources */,
				DC6F0DE424C6D3300075DE55 /* Main.storyboard in Resources */,
			);
			runOnlyForDeploymentPostprocessing = 0;
		};
/* End PBXResourcesBuildPhase section */

/* Begin PBXShellScriptBuildPhase section */
		23FF0C0FAD1EAFD0030F6795 /* [CP] Embed Pods Frameworks */ = {
			isa = PBXShellScriptBuildPhase;
			buildActionMask = 2147483647;
			files = (
			);
			inputFileListPaths = (
				"${PODS_ROOT}/Target Support Files/Pods-Realm Issue/Pods-Realm Issue-frameworks-${CONFIGURATION}-input-files.xcfilelist",
			);
			name = "[CP] Embed Pods Frameworks";
			outputFileListPaths = (
				"${PODS_ROOT}/Target Support Files/Pods-Realm Issue/Pods-Realm Issue-frameworks-${CONFIGURATION}-output-files.xcfilelist",
			);
			runOnlyForDeploymentPostprocessing = 0;
			shellPath = /bin/sh;
			shellScript = "\"${PODS_ROOT}/Target Support Files/Pods-Realm Issue/Pods-Realm Issue-frameworks.sh\"\n";
			showEnvVarsInLog = 0;
		};
		6CB8CC5A77B11DA8455BCCDB /* [CP] Check Pods Manifest.lock */ = {
			isa = PBXShellScriptBuildPhase;
			buildActionMask = 2147483647;
			files = (
			);
			inputFileListPaths = (
			);
			inputPaths = (
				"${PODS_PODFILE_DIR_PATH}/Podfile.lock",
				"${PODS_ROOT}/Manifest.lock",
			);
			name = "[CP] Check Pods Manifest.lock";
			outputFileListPaths = (
			);
			outputPaths = (
				"$(DERIVED_FILE_DIR)/Pods-Realm Issue-checkManifestLockResult.txt",
			);
			runOnlyForDeploymentPostprocessing = 0;
			shellPath = /bin/sh;
			shellScript = "diff \"${PODS_PODFILE_DIR_PATH}/Podfile.lock\" \"${PODS_ROOT}/Manifest.lock\" > /dev/null\nif [ $? != 0 ] ; then\n    # print error to STDERR\n    echo \"error: The sandbox is not in sync with the Podfile.lock. Run 'pod install' or update your CocoaPods installation.\" >&2\n    exit 1\nfi\n# This output is used by Xcode 'outputs' to avoid re-running this script phase.\necho \"SUCCESS\" > \"${SCRIPT_OUTPUT_FILE_0}\"\n";
			showEnvVarsInLog = 0;
		};
/* End PBXShellScriptBuildPhase section */

/* Begin PBXSourcesBuildPhase section */
		DC6F0DD524C6D32E0075DE55 /* Sources */ = {
			isa = PBXSourcesBuildPhase;
			buildActionMask = 2147483647;
			files = (
				DC6F0DED24C6D5CE0075DE55 /* Models.swift in Sources */,
				DC6F0DDF24C6D32E0075DE55 /* ViewController.swift in Sources */,
				DC6F0DDD24C6D32E0075DE55 /* AppDelegate.swift in Sources */,
			);
			runOnlyForDeploymentPostprocessing = 0;
		};
/* End PBXSourcesBuildPhase section */

/* Begin PBXVariantGroup section */
		DC6F0DE224C6D3300075DE55 /* Main.storyboard */ = {
			isa = PBXVariantGroup;
			children = (
				DC6F0DE324C6D3300075DE55 /* Base */,
			);
			name = Main.storyboard;
			sourceTree = "<group>";
		};
/* End PBXVariantGroup section */

/* Begin XCBuildConfiguration section */
		DC6F0DE724C6D3300075DE55 /* Debug */ = {
			isa = XCBuildConfiguration;
			buildSettings = {
				ALWAYS_SEARCH_USER_PATHS = NO;
				CLANG_ANALYZER_NONNULL = YES;
				CLANG_ANALYZER_NUMBER_OBJECT_CONVERSION = YES_AGGRESSIVE;
				CLANG_CXX_LANGUAGE_STANDARD = "gnu++14";
				CLANG_CXX_LIBRARY = "libc++";
				CLANG_ENABLE_MODULES = YES;
				CLANG_ENABLE_OBJC_ARC = YES;
				CLANG_ENABLE_OBJC_WEAK = YES;
				CLANG_WARN_BLOCK_CAPTURE_AUTORELEASING = YES;
				CLANG_WARN_BOOL_CONVERSION = YES;
				CLANG_WARN_COMMA = YES;
				CLANG_WARN_CONSTANT_CONVERSION = YES;
				CLANG_WARN_DEPRECATED_OBJC_IMPLEMENTATIONS = YES;
				CLANG_WARN_DIRECT_OBJC_ISA_USAGE = YES_ERROR;
				CLANG_WARN_DOCUMENTATION_COMMENTS = YES;
				CLANG_WARN_EMPTY_BODY = YES;
				CLANG_WARN_ENUM_CONVERSION = YES;
				CLANG_WARN_INFINITE_RECURSION = YES;
				CLANG_WARN_INT_CONVERSION = YES;
				CLANG_WARN_NON_LITERAL_NULL_CONVERSION = YES;
				CLANG_WARN_OBJC_IMPLICIT_RETAIN_SELF = YES;
				CLANG_WARN_OBJC_LITERAL_CONVERSION = YES;
				CLANG_WARN_OBJC_ROOT_CLASS = YES_ERROR;
				CLANG_WARN_RANGE_LOOP_ANALYSIS = YES;
				CLANG_WARN_STRICT_PROTOTYPES = YES;
				CLANG_WARN_SUSPICIOUS_MOVE = YES;
				CLANG_WARN_UNGUARDED_AVAILABILITY = YES_AGGRESSIVE;
				CLANG_WARN_UNREACHABLE_CODE = YES;
				CLANG_WARN__DUPLICATE_METHOD_MATCH = YES;
				COPY_PHASE_STRIP = NO;
				DEBUG_INFORMATION_FORMAT = dwarf;
				ENABLE_STRICT_OBJC_MSGSEND = YES;
				ENABLE_TESTABILITY = YES;
				GCC_C_LANGUAGE_STANDARD = gnu11;
				GCC_DYNAMIC_NO_PIC = NO;
				GCC_NO_COMMON_BLOCKS = YES;
				GCC_OPTIMIZATION_LEVEL = 0;
				GCC_PREPROCESSOR_DEFINITIONS = (
					"DEBUG=1",
					"$(inherited)",
				);
				GCC_WARN_64_TO_32_BIT_CONVERSION = YES;
				GCC_WARN_ABOUT_RETURN_TYPE = YES_ERROR;
				GCC_WARN_UNDECLARED_SELECTOR = YES;
				GCC_WARN_UNINITIALIZED_AUTOS = YES_AGGRESSIVE;
				GCC_WARN_UNUSED_FUNCTION = YES;
				GCC_WARN_UNUSED_VARIABLE = YES;
				MACOSX_DEPLOYMENT_TARGET = 10.15;
				MTL_ENABLE_DEBUG_INFO = INCLUDE_SOURCE;
				MTL_FAST_MATH = YES;
				ONLY_ACTIVE_ARCH = YES;
				SDKROOT = macosx;
				SWIFT_ACTIVE_COMPILATION_CONDITIONS = DEBUG;
				SWIFT_OPTIMIZATION_LEVEL = "-Onone";
			};
			name = Debug;
		};
		DC6F0DE824C6D3300075DE55 /* Release */ = {
			isa = XCBuildConfiguration;
			buildSettings = {
				ALWAYS_SEARCH_USER_PATHS = NO;
				CLANG_ANALYZER_NONNULL = YES;
				CLANG_ANALYZER_NUMBER_OBJECT_CONVERSION = YES_AGGRESSIVE;
				CLANG_CXX_LANGUAGE_STANDARD = "gnu++14";
				CLANG_CXX_LIBRARY = "libc++";
				CLANG_ENABLE_MODULES = YES;
				CLANG_ENABLE_OBJC_ARC = YES;
				CLANG_ENABLE_OBJC_WEAK = YES;
				CLANG_WARN_BLOCK_CAPTURE_AUTORELEASING = YES;
				CLANG_WARN_BOOL_CONVERSION = YES;
				CLANG_WARN_COMMA = YES;
				CLANG_WARN_CONSTANT_CONVERSION = YES;
				CLANG_WARN_DEPRECATED_OBJC_IMPLEMENTATIONS = YES;
				CLANG_WARN_DIRECT_OBJC_ISA_USAGE = YES_ERROR;
				CLANG_WARN_DOCUMENTATION_COMMENTS = YES;
				CLANG_WARN_EMPTY_BODY = YES;
				CLANG_WARN_ENUM_CONVERSION = YES;
				CLANG_WARN_INFINITE_RECURSION = YES;
				CLANG_WARN_INT_CONVERSION = YES;
				CLANG_WARN_NON_LITERAL_NULL_CONVERSION = YES;
				CLANG_WARN_OBJC_IMPLICIT_RETAIN_SELF = YES;
				CLANG_WARN_OBJC_LITERAL_CONVERSION = YES;
				CLANG_WARN_OBJC_ROOT_CLASS = YES_ERROR;
				CLANG_WARN_RANGE_LOOP_ANALYSIS = YES;
				CLANG_WARN_STRICT_PROTOTYPES = YES;
				CLANG_WARN_SUSPICIOUS_MOVE = YES;
				CLANG_WARN_UNGUARDED_AVAILABILITY = YES_AGGRESSIVE;
				CLANG_WARN_UNREACHABLE_CODE = YES;
				CLANG_WARN__DUPLICATE_METHOD_MATCH = YES;
				COPY_PHASE_STRIP = NO;
				DEBUG_INFORMATION_FORMAT = "dwarf-with-dsym";
				ENABLE_NS_ASSERTIONS = NO;
				ENABLE_STRICT_OBJC_MSGSEND = YES;
				GCC_C_LANGUAGE_STANDARD = gnu11;
				GCC_NO_COMMON_BLOCKS = YES;
				GCC_WARN_64_TO_32_BIT_CONVERSION = YES;
				GCC_WARN_ABOUT_RETURN_TYPE = YES_ERROR;
				GCC_WARN_UNDECLARED_SELECTOR = YES;
				GCC_WARN_UNINITIALIZED_AUTOS = YES_AGGRESSIVE;
				GCC_WARN_UNUSED_FUNCTION = YES;
				GCC_WARN_UNUSED_VARIABLE = YES;
				MACOSX_DEPLOYMENT_TARGET = 10.15;
				MTL_ENABLE_DEBUG_INFO = NO;
				MTL_FAST_MATH = YES;
				SDKROOT = macosx;
				SWIFT_COMPILATION_MODE = wholemodule;
				SWIFT_OPTIMIZATION_LEVEL = "-O";
			};
			name = Release;
		};
		DC6F0DEA24C6D3300075DE55 /* Debug */ = {
			isa = XCBuildConfiguration;
			baseConfigurationReference = 28D816D9E172E7E6759B56B1 /* Pods-Realm Issue.debug.xcconfig */;
			buildSettings = {
				ASSETCATALOG_COMPILER_APPICON_NAME = AppIcon;
				CODE_SIGN_ENTITLEMENTS = "Realm Issue/Realm_Issue.entitlements";
				CODE_SIGN_STYLE = Automatic;
				COMBINE_HIDPI_IMAGES = YES;
				DEVELOPMENT_TEAM = 96NM39SGJ5;
				ENABLE_HARDENED_RUNTIME = YES;
				INFOPLIST_FILE = "Realm Issue/Info.plist";
				LD_RUNPATH_SEARCH_PATHS = (
					"$(inherited)",
					"@executable_path/../Frameworks",
				);
				PRODUCT_BUNDLE_IDENTIFIER = "com.parussoft.Realm-Issue";
				PRODUCT_NAME = "$(TARGET_NAME)";
				SWIFT_VERSION = 5.0;
			};
			name = Debug;
		};
		DC6F0DEB24C6D3300075DE55 /* Release */ = {
			isa = XCBuildConfiguration;
			baseConfigurationReference = F2D9EE3AC5ED4E524D3A88DF /* Pods-Realm Issue.release.xcconfig */;
			buildSettings = {
				ASSETCATALOG_COMPILER_APPICON_NAME = AppIcon;
				CODE_SIGN_ENTITLEMENTS = "Realm Issue/Realm_Issue.entitlements";
				CODE_SIGN_STYLE = Automatic;
				COMBINE_HIDPI_IMAGES = YES;
				DEVELOPMENT_TEAM = 96NM39SGJ5;
				ENABLE_HARDENED_RUNTIME = YES;
				INFOPLIST_FILE = "Realm Issue/Info.plist";
				LD_RUNPATH_SEARCH_PATHS = (
					"$(inherited)",
					"@executable_path/../Frameworks",
				);
				PRODUCT_BUNDLE_IDENTIFIER = "com.parussoft.Realm-Issue";
				PRODUCT_NAME = "$(TARGET_NAME)";
				SWIFT_VERSION = 5.0;
			};
			name = Release;
		};
/* End XCBuildConfiguration section */

/* Begin XCConfigurationList section */
		DC6F0DD424C6D32E0075DE55 /* Build configuration list for PBXProject "Realm Issue" */ = {
			isa = XCConfigurationList;
			buildConfigurations = (
				DC6F0DE724C6D3300075DE55 /* Debug */,
				DC6F0DE824C6D3300075DE55 /* Release */,
			);
			defaultConfigurationIsVisible = 0;
			defaultConfigurationName = Release;
		};
		DC6F0DE924C6D3300075DE55 /* Build configuration list for PBXNativeTarget "Realm Issue" */ = {
			isa = XCConfigurationList;
			buildConfigurations = (
				DC6F0DEA24C6D3300075DE55 /* Debug */,
				DC6F0DEB24C6D3300075DE55 /* Release */,
			);
			defaultConfigurationIsVisible = 0;
			defaultConfigurationName = Release;
		};
/* End XCConfigurationList section */
	};
	rootObject = DC6F0DD124C6D32E0075DE55 /* Project object */;
}
